// !$*UTF8*$!
{
	archiveVersion = 1;
	classes = {
	};
	objectVersion = 46;
	objects = {

/* Begin PBXBuildFile section */
		5BC90E111C6F874300A19260 /* AppDelegate.swift in Sources */ = {isa = PBXBuildFile; fileRef = 5BC90E101C6F874300A19260 /* AppDelegate.swift */; };
		5BC90E131C6F874300A19260 /* ViewController.swift in Sources */ = {isa = PBXBuildFile; fileRef = 5BC90E121C6F874300A19260 /* ViewController.swift */; };
		5BC90E161C6F874300A19260 /* Main.storyboard in Resources */ = {isa = PBXBuildFile; fileRef = 5BC90E141C6F874300A19260 /* Main.storyboard */; };
		5BC90E181C6F874300A19260 /* Assets.xcassets in Resources */ = {isa = PBXBuildFile; fileRef = 5BC90E171C6F874300A19260 /* Assets.xcassets */; };
		5BC90E1B1C6F874300A19260 /* LaunchScreen.storyboard in Resources */ = {isa = PBXBuildFile; fileRef = 5BC90E191C6F874300A19260 /* LaunchScreen.storyboard */; };
		5BC90E261C6F874300A19260 /* QuizTests.swift in Sources */ = {isa = PBXBuildFile; fileRef = 5BC90E251C6F874300A19260 /* QuizTests.swift */; };
		5BC90E311C6F874300A19260 /* QuizUITests.swift in Sources */ = {isa = PBXBuildFile; fileRef = 5BC90E301C6F874300A19260 /* QuizUITests.swift */; };
/* End PBXBuildFile section */

/* Begin PBXContainerItemProxy section */
		5BC90E221C6F874300A19260 /* PBXContainerItemProxy */ = {
			isa = PBXContainerItemProxy;
			containerPortal = 5BC90E051C6F874300A19260 /* Project object */;
			proxyType = 1;
			remoteGlobalIDString = 5BC90E0C1C6F874300A19260;
			remoteInfo = Quiz;
		};
		5BC90E2D1C6F874300A19260 /* PBXContainerItemProxy */ = {
			isa = PBXContainerItemProxy;
			containerPortal = 5BC90E051C6F874300A19260 /* Project object */;
			proxyType = 1;
			remoteGlobalIDString = 5BC90E0C1C6F874300A19260;
			remoteInfo = Quiz;
		};
/* End PBXContainerItemProxy section */

/* Begin PBXFileReference section */
		5BC90E0D1C6F874300A19260 /* Quiz.app */ = {isa = PBXFileReference; explicitFileType = wrapper.application; includeInIndex = 0; path = Quiz.app; sourceTree = BUILT_PRODUCTS_DIR; };
		5BC90E101C6F874300A19260 /* AppDelegate.swift */ = {isa = PBXFileReference; lastKnownFileType = sourcecode.swift; path = AppDelegate.swift; sourceTree = "<group>"; };
		5BC90E121C6F874300A19260 /* ViewController.swift */ = {isa = PBXFileReference; lastKnownFileType = sourcecode.swift; path = ViewController.swift; sourceTree = "<group>"; };
		5BC90E151C6F874300A19260 /* Base */ = {isa = PBXFileReference; lastKnownFileType = file.storyboard; name = Base; path = Base.lproj/Main.storyboard; sourceTree = "<group>"; };
		5BC90E171C6F874300A19260 /* Assets.xcassets */ = {isa = PBXFileReference; lastKnownFileType = folder.assetcatalog; path = Assets.xcassets; sourceTree = "<group>"; };
		5BC90E1A1C6F874300A19260 /* Base */ = {isa = PBXFileReference; lastKnownFileType = file.storyboard; name = Base; path = Base.lproj/LaunchScreen.storyboard; sourceTree = "<group>"; };
		5BC90E1C1C6F874300A19260 /* Info.plist */ = {isa = PBXFileReference; lastKnownFileType = text.plist.xml; path = Info.plist; sourceTree = "<group>"; };
		5BC90E211C6F874300A19260 /* QuizTests.xctest */ = {isa = PBXFileReference; explicitFileType = wrapper.cfbundle; includeInIndex = 0; path = QuizTests.xctest; sourceTree = BUILT_PRODUCTS_DIR; };
		5BC90E251C6F874300A19260 /* QuizTests.swift */ = {isa = PBXFileReference; lastKnownFileType = sourcecode.swift; path = QuizTests.swift; sourceTree = "<group>"; };
		5BC90E271C6F874300A19260 /* Info.plist */ = {isa = PBXFileReference; lastKnownFileType = text.plist.xml; path = Info.plist; sourceTree = "<group>"; };
		5BC90E2C1C6F874300A19260 /* QuizUITests.xctest */ = {isa = PBXFileReference; explicitFileType = wrapper.cfbundle; includeInIndex = 0; path = QuizUITests.xctest; sourceTree = BUILT_PRODUCTS_DIR; };
		5BC90E301C6F874300A19260 /* QuizUITests.swift */ = {isa = PBXFileReference; lastKnownFileType = sourcecode.swift; path = QuizUITests.swift; sourceTree = "<group>"; };
		5BC90E321C6F874300A19260 /* Info.plist */ = {isa = PBXFileReference; lastKnownFileType = text.plist.xml; path = Info.plist; sourceTree = "<group>"; };
/* End PBXFileReference section */

/* Begin PBXFrameworksBuildPhase section */
		5BC90E0A1C6F874300A19260 /* Frameworks */ = {
			isa = PBXFrameworksBuildPhase;
			buildActionMask = 2147483647;
			files = (
			);
			runOnlyForDeploymentPostprocessing = 0;
		};
		5BC90E1E1C6F874300A19260 /* Frameworks */ = {
			isa = PBXFrameworksBuildPhase;
			buildActionMask = 2147483647;
			files = (
			);
			runOnlyForDeploymentPostprocessing = 0;
		};
		5BC90E291C6F874300A19260 /* Frameworks */ = {
			isa = PBXFrameworksBuildPhase;
			buildActionMask = 2147483647;
			files = (
			);
			runOnlyForDeploymentPostprocessing = 0;
		};
/* End PBXFrameworksBuildPhase section */

/* Begin PBXGroup section */
		5BC90E041C6F874300A19260 = {
			isa = PBXGroup;
			children = (
				5BC90E0F1C6F874300A19260 /* Quiz */,
				5BC90E241C6F874300A19260 /* QuizTests */,
				5BC90E2F1C6F874300A19260 /* QuizUITests */,
				5BC90E0E1C6F874300A19260 /* Products */,
			);
			sourceTree = "<group>";
		};
		5BC90E0E1C6F874300A19260 /* Products */ = {
			isa = PBXGroup;
			children = (
				5BC90E0D1C6F874300A19260 /* Quiz.app */,
				5BC90E211C6F874300A19260 /* QuizTests.xctest */,
				5BC90E2C1C6F874300A19260 /* QuizUITests.xctest */,
			);
			name = Products;
			sourceTree = "<group>";
		};
		5BC90E0F1C6F874300A19260 /* Quiz */ = {
			isa = PBXGroup;
			children = (
				5BC90E101C6F874300A19260 /* AppDelegate.swift */,
				5BC90E121C6F874300A19260 /* ViewController.swift */,
				5BC90E141C6F874300A19260 /* Main.storyboard */,
				5BC90E171C6F874300A19260 /* Assets.xcassets */,
				5BC90E191C6F874300A19260 /* LaunchScreen.storyboard */,
				5BC90E1C1C6F874300A19260 /* Info.plist */,
			);
			path = Quiz;
			sourceTree = "<group>";
		};
		5BC90E241C6F874300A19260 /* QuizTests */ = {
			isa = PBXGroup;
			children = (
				5BC90E251C6F874300A19260 /* QuizTests.swift */,
				5BC90E271C6F874300A19260 /* Info.plist */,
			);
			path = QuizTests;
			sourceTree = "<group>";
		};
		5BC90E2F1C6F874300A19260 /* QuizUITests */ = {
			isa = PBXGroup;
			children = (
				5BC90E301C6F874300A19260 /* QuizUITests.swift */,
				5BC90E321C6F874300A19260 /* Info.plist */,
			);
			path = QuizUITests;
			sourceTree = "<group>";
		};
/* End PBXGroup section */

/* Begin PBXNativeTarget section */
		5BC90E0C1C6F874300A19260 /* Quiz */ = {
			isa = PBXNativeTarget;
			buildConfigurationList = 5BC90E351C6F874300A19260 /* Build configuration list for PBXNativeTarget "Quiz" */;
			buildPhases = (
				5BC90E091C6F874300A19260 /* Sources */,
				5BC90E0A1C6F874300A19260 /* Frameworks */,
				5BC90E0B1C6F874300A19260 /* Resources */,
			);
			buildRules = (
			);
			dependencies = (
			);
			name = Quiz;
			productName = Quiz;
			productReference = 5BC90E0D1C6F874300A19260 /* Quiz.app */;
			productType = "com.apple.product-type.application";
		};
		5BC90E201C6F874300A19260 /* QuizTests */ = {
			isa = PBXNativeTarget;
			buildConfigurationList = 5BC90E381C6F874300A19260 /* Build configuration list for PBXNativeTarget "QuizTests" */;
			buildPhases = (
				5BC90E1D1C6F874300A19260 /* Sources */,
				5BC90E1E1C6F874300A19260 /* Frameworks */,
				5BC90E1F1C6F874300A19260 /* Resources */,
			);
			buildRules = (
			);
			dependencies = (
				5BC90E231C6F874300A19260 /* PBXTargetDependency */,
			);
			name = QuizTests;
			productName = QuizTests;
			productReference = 5BC90E211C6F874300A19260 /* QuizTests.xctest */;
			productType = "com.apple.product-type.bundle.unit-test";
		};
		5BC90E2B1C6F874300A19260 /* QuizUITests */ = {
			isa = PBXNativeTarget;
			buildConfigurationList = 5BC90E3B1C6F874300A19260 /* Build configuration list for PBXNativeTarget "QuizUITests" */;
			buildPhases = (
				5BC90E281C6F874300A19260 /* Sources */,
				5BC90E291C6F874300A19260 /* Frameworks */,
				5BC90E2A1C6F874300A19260 /* Resources */,
			);
			buildRules = (
			);
			dependencies = (
				5BC90E2E1C6F874300A19260 /* PBXTargetDependency */,
			);
			name = QuizUITests;
			productName = QuizUITests;
			productReference = 5BC90E2C1C6F874300A19260 /* QuizUITests.xctest */;
			productType = "com.apple.product-type.bundle.ui-testing";
		};
/* End PBXNativeTarget section */

/* Begin PBXProject section */
		5BC90E051C6F874300A19260 /* Project object */ = {
			isa = PBXProject;
			attributes = {
				LastSwiftUpdateCheck = 0720;
				LastUpgradeCheck = 0720;
				ORGANIZATIONNAME = "佐々木　裕也";
				TargetAttributes = {
					5BC90E0C1C6F874300A19260 = {
						CreatedOnToolsVersion = 7.2.1;
					};
					5BC90E201C6F874300A19260 = {
						CreatedOnToolsVersion = 7.2.1;
						TestTargetID = 5BC90E0C1C6F874300A19260;
					};
					5BC90E2B1C6F874300A19260 = {
						CreatedOnToolsVersion = 7.2.1;
						TestTargetID = 5BC90E0C1C6F874300A19260;
					};
				};
			};
			buildConfigurationList = 5BC90E081C6F874300A19260 /* Build configuration list for PBXProject "Quiz" */;
			compatibilityVersion = "Xcode 3.2";
			developmentRegion = English;
			hasScannedForEncodings = 0;
			knownRegions = (
				en,
				Base,
			);
			mainGroup = 5BC90E041C6F874300A19260;
			productRefGroup = 5BC90E0E1C6F874300A19260 /* Products */;
			projectDirPath = "";
			projectRoot = "";
			targets = (
				5BC90E0C1C6F874300A19260 /* Quiz */,
				5BC90E201C6F874300A19260 /* QuizTests */,
				5BC90E2B1C6F874300A19260 /* QuizUITests */,
			);
		};
/* End PBXProject section */

/* Begin PBXResourcesBuildPhase section */
		5BC90E0B1C6F874300A19260 /* Resources */ = {
			isa = PBXResourcesBuildPhase;
			buildActionMask = 2147483647;
			files = (
				5BC90E1B1C6F874300A19260 /* LaunchScreen.storyboard in Resources */,
				5BC90E181C6F874300A19260 /* Assets.xcassets in Resources */,
				5BC90E161C6F874300A19260 /* Main.storyboard in Resources */,
			);
			runOnlyForDeploymentPostprocessing = 0;
		};
		5BC90E1F1C6F874300A19260 /* Resources */ = {
			isa = PBXResourcesBuildPhase;
			buildActionMask = 2147483647;
			files = (
			);
			runOnlyForDeploymentPostprocessing = 0;
		};
		5BC90E2A1C6F874300A19260 /* Resources */ = {
			isa = PBXResourcesBuildPhase;
			buildActionMask = 2147483647;
			files = (
			);
			runOnlyForDeploymentPostprocessing = 0;
		};
/* End PBXResourcesBuildPhase section */

/* Begin PBXSourcesBuildPhase section */
		5BC90E091C6F874300A19260 /* Sources */ = {
			isa = PBXSourcesBuildPhase;
			buildActionMask = 2147483647;
			files = (
				5BC90E131C6F874300A19260 /* ViewController.swift in Sources */,
				5BC90E111C6F874300A19260 /* AppDelegate.swift in Sources */,
			);
			runOnlyForDeploymentPostprocessing = 0;
		};
		5BC90E1D1C6F874300A19260 /* Sources */ = {
			isa = PBXSourcesBuildPhase;
			buildActionMask = 2147483647;
			files = (
				5BC90E261C6F874300A19260 /* QuizTests.swift in Sources */,
			);
			runOnlyForDeploymentPostprocessing = 0;
		};
		5BC90E281C6F874300A19260 /* Sources */ = {
			isa = PBXSourcesBuildPhase;
			buildActionMask = 2147483647;
			files = (
				5BC90E311C6F874300A19260 /* QuizUITests.swift in Sources */,
			);
			runOnlyForDeploymentPostprocessing = 0;
		};
/* End PBXSourcesBuildPhase section */

/* Begin PBXTargetDependency section */
		5BC90E231C6F874300A19260 /* PBXTargetDependency */ = {
			isa = PBXTargetDependency;
			target = 5BC90E0C1C6F874300A19260 /* Quiz */;
			targetProxy = 5BC90E221C6F874300A19260 /* PBXContainerItemProxy */;
		};
		5BC90E2E1C6F874300A19260 /* PBXTargetDependency */ = {
			isa = PBXTargetDependency;
			target = 5BC90E0C1C6F874300A19260 /* Quiz */;
			targetProxy = 5BC90E2D1C6F874300A19260 /* PBXContainerItemProxy */;
		};
/* End PBXTargetDependency section */

/* Begin PBXVariantGroup section */
		5BC90E141C6F874300A19260 /* Main.storyboard */ = {
			isa = PBXVariantGroup;
			children = (
				5BC90E151C6F874300A19260 /* Base */,
			);
			name = Main.storyboard;
			sourceTree = "<group>";
		};
		5BC90E191C6F874300A19260 /* LaunchScreen.storyboard */ = {
			isa = PBXVariantGroup;
			children = (
				5BC90E1A1C6F874300A19260 /* Base */,
			);
			name = LaunchScreen.storyboard;
			sourceTree = "<group>";
		};
/* End PBXVariantGroup section */

/* Begin XCBuildConfiguration section */
		5BC90E331C6F874300A19260 /* Debug */ = {
			isa = XCBuildConfiguration;
			buildSettings = {
				ALWAYS_SEARCH_USER_PATHS = NO;
				CLANG_CXX_LANGUAGE_STANDARD = "gnu++0x";
				CLANG_CXX_LIBRARY = "libc++";
				CLANG_ENABLE_MODULES = YES;
				CLANG_ENABLE_OBJC_ARC = YES;
				CLANG_WARN_BOOL_CONVERSION = YES;
				CLANG_WARN_CONSTANT_CONVERSION = YES;
				CLANG_WARN_DIRECT_OBJC_ISA_USAGE = YES_ERROR;
				CLANG_WARN_EMPTY_BODY = YES;
				CLANG_WARN_ENUM_CONVERSION = YES;
				CLANG_WARN_INT_CONVERSION = YES;
				CLANG_WARN_OBJC_ROOT_CLASS = YES_ERROR;
				CLANG_WARN_UNREACHABLE_CODE = YES;
				CLANG_WARN__DUPLICATE_METHOD_MATCH = YES;
				"CODE_SIGN_IDENTITY[sdk=iphoneos*]" = "iPhone Developer";
				COPY_PHASE_STRIP = NO;
				DEBUG_INFORMATION_FORMAT = dwarf;
				ENABLE_STRICT_OBJC_MSGSEND = YES;
				ENABLE_TESTABILITY = YES;
				GCC_C_LANGUAGE_STANDARD = gnu99;
				GCC_DYNAMIC_NO_PIC = NO;
				GCC_NO_COMMON_BLOCKS = YES;
				GCC_OPTIMIZATION_LEVEL = 0;
				GCC_PREPROCESSOR_DEFINITIONS = (
					"DEBUG=1",
					"$(inherited)",
				);
				GCC_WARN_64_TO_32_BIT_CONVERSION = YES;
				GCC_WARN_ABOUT_RETURN_TYPE = YES_ERROR;
				GCC_WARN_UNDECLARED_SELECTOR = YES;
				GCC_WARN_UNINITIALIZED_AUTOS = YES_AGGRESSIVE;
				GCC_WARN_UNUSED_FUNCTION = YES;
				GCC_WARN_UNUSED_VARIABLE = YES;
				IPHONEOS_DEPLOYMENT_TARGET = 9.2;
				MTL_ENABLE_DEBUG_INFO = YES;
				ONLY_ACTIVE_ARCH = YES;
				SDKROOT = iphoneos;
				SWIFT_OPTIMIZATION_LEVEL = "-Onone";
			};
			name = Debug;
		};
		5BC90E341C6F874300A19260 /* Release */ = {
			isa = XCBuildConfiguration;
			buildSettings = {
				ALWAYS_SEARCH_USER_PATHS = NO;
				CLANG_CXX_LANGUAGE_STANDARD = "gnu++0x";
				CLANG_CXX_LIBRARY = "libc++";
				CLANG_ENABLE_MODULES = YES;
				CLANG_ENABLE_OBJC_ARC = YES;
				CLANG_WARN_BOOL_CONVERSION = YES;
				CLANG_WARN_CONSTANT_CONVERSION = YES;
				CLANG_WARN_DIRECT_OBJC_ISA_USAGE = YES_ERROR;
				CLANG_WARN_EMPTY_BODY = YES;
				CLANG_WARN_ENUM_CONVERSION = YES;
				CLANG_WARN_INT_CONVERSION = YES;
				CLANG_WARN_OBJC_ROOT_CLASS = YES_ERROR;
				CLANG_WARN_UNREACHABLE_CODE = YES;
				CLANG_WARN__DUPLICATE_METHOD_MATCH = YES;
				"CODE_SIGN_IDENTITY[sdk=iphoneos*]" = "iPhone Developer";
				COPY_PHASE_STRIP = NO;
				DEBUG_INFORMATION_FORMAT = "dwarf-with-dsym";
				ENABLE_NS_ASSERTIONS = NO;
				ENABLE_STRICT_OBJC_MSGSEND = YES;
				GCC_C_LANGUAGE_STANDARD = gnu99;
				GCC_NO_COMMON_BLOCKS = YES;
				GCC_WARN_64_TO_32_BIT_CONVERSION = YES;
				GCC_WARN_ABOUT_RETURN_TYPE = YES_ERROR;
				GCC_WARN_UNDECLARED_SELECTOR = YES;
				GCC_WARN_UNINITIALIZED_AUTOS = YES_AGGRESSIVE;
				GCC_WARN_UNUSED_FUNCTION = YES;
				GCC_WARN_UNUSED_VARIABLE = YES;
				IPHONEOS_DEPLOYMENT_TARGET = 9.2;
				MTL_ENABLE_DEBUG_INFO = NO;
				SDKROOT = iphoneos;
				VALIDATE_PRODUCT = YES;
			};
			name = Release;
		};
		5BC90E361C6F874300A19260 /* Debug */ = {
			isa = XCBuildConfiguration;
			buildSettings = {
				ASSETCATALOG_COMPILER_APPICON_NAME = AppIcon;
				INFOPLIST_FILE = Quiz/Info.plist;
				LD_RUNPATH_SEARCH_PATHS = "$(inherited) @executable_path/Frameworks";
				PRODUCT_BUNDLE_IDENTIFIER = o.Quiz;
				PRODUCT_NAME = "$(TARGET_NAME)";
			};
			name = Debug;
		};
		5BC90E371C6F874300A19260 /* Release */ = {
			isa = XCBuildConfiguration;
			buildSettings = {
				ASSETCATALOG_COMPILER_APPICON_NAME = AppIcon;
				INFOPLIST_FILE = Quiz/Info.plist;
				LD_RUNPATH_SEARCH_PATHS = "$(inherited) @executable_path/Frameworks";
				PRODUCT_BUNDLE_IDENTIFIER = o.Quiz;
				PRODUCT_NAME = "$(TARGET_NAME)";
			};
			name = Release;
		};
		5BC90E391C6F874300A19260 /* Debug */ = {
			isa = XCBuildConfiguration;
			buildSettings = {
				BUNDLE_LOADER = "$(TEST_HOST)";
				INFOPLIST_FILE = QuizTests/Info.plist;
				LD_RUNPATH_SEARCH_PATHS = "$(inherited) @executable_path/Frameworks @loader_path/Frameworks";
				PRODUCT_BUNDLE_IDENTIFIER = o.QuizTests;
				PRODUCT_NAME = "$(TARGET_NAME)";
				TEST_HOST = "$(BUILT_PRODUCTS_DIR)/Quiz.app/Quiz";
			};
			name = Debug;
		};
		5BC90E3A1C6F874300A19260 /* Release */ = {
			isa = XCBuildConfiguration;
			buildSettings = {
				BUNDLE_LOADER = "$(TEST_HOST)";
				INFOPLIST_FILE = QuizTests/Info.plist;
				LD_RUNPATH_SEARCH_PATHS = "$(inherited) @executable_path/Frameworks @loader_path/Frameworks";
				PRODUCT_BUNDLE_IDENTIFIER = o.QuizTests;
				PRODUCT_NAME = "$(TARGET_NAME)";
				TEST_HOST = "$(BUILT_PRODUCTS_DIR)/Quiz.app/Quiz";
			};
			name = Release;
		};
		5BC90E3C1C6F874300A19260 /* Debug */ = {
			isa = XCBuildConfiguration;
			buildSettings = {
				INFOPLIST_FILE = QuizUITests/Info.plist;
				LD_RUNPATH_SEARCH_PATHS = "$(inherited) @executable_path/Frameworks @loader_path/Frameworks";
				PRODUCT_BUNDLE_IDENTIFIER = o.QuizUITests;
				PRODUCT_NAME = "$(TARGET_NAME)";
				TEST_TARGET_NAME = Quiz;
				USES_XCTRUNNER = YES;
			};
			name = Debug;
		};
		5BC90E3D1C6F874300A19260 /* Release */ = {
			isa = XCBuildConfiguration;
			buildSettings = {
				INFOPLIST_FILE = QuizUITests/Info.plist;
				LD_RUNPATH_SEARCH_PATHS = "$(inherited) @executable_path/Frameworks @loader_path/Frameworks";
				PRODUCT_BUNDLE_IDENTIFIER = o.QuizUITests;
				PRODUCT_NAME = "$(TARGET_NAME)";
				TEST_TARGET_NAME = Quiz;
				USES_XCTRUNNER = YES;
			};
			name = Release;
		};
/* End XCBuildConfiguration section */

/* Begin XCConfigurationList section */
		5BC90E081C6F874300A19260 /* Build configuration list for PBXProject "Quiz" */ = {
			isa = XCConfigurationList;
			buildConfigurations = (
				5BC90E331C6F874300A19260 /* Debug */,
				5BC90E341C6F874300A19260 /* Release */,
			);
			defaultConfigurationIsVisible = 0;
			defaultConfigurationName = Release;
		};
		5BC90E351C6F874300A19260 /* Build configuration list for PBXNativeTarget "Quiz" */ = {
			isa = XCConfigurationList;
			buildConfigurations = (
				5BC90E361C6F874300A19260 /* Debug */,
				5BC90E371C6F874300A19260 /* Release */,
			);
			defaultConfigurationIsVisible = 0;
		};
		5BC90E381C6F874300A19260 /* Build configuration list for PBXNativeTarget "QuizTests" */ = {
			isa = XCConfigurationList;
			buildConfigurations = (
				5BC90E391C6F874300A19260 /* Debug */,
				5BC90E3A1C6F874300A19260 /* Release */,
			);
			defaultConfigurationIsVisible = 0;
		};
		5BC90E3B1C6F874300A19260 /* Build configuration list for PBXNativeTarget "QuizUITests" */ = {
			isa = XCConfigurationList;
			buildConfigurations = (
				5BC90E3C1C6F874300A19260 /* Debug */,
				5BC90E3D1C6F874300A19260 /* Release */,
			);
			defaultConfigurationIsVisible = 0;
		};
/* End XCConfigurationList section */
	};
	rootObject = 5BC90E051C6F874300A19260 /* Project object */;
}
